
Microsoft Visual Studio Solution File, Format Version 12.00
# Visual Studio Version 17
VisualStudioVersion = 17.9.34714.143
MinimumVisualStudioVersion = 10.0.40219.1
Project("{2150E333-8FDC-42A3-9474-1A3956D46DE8}") = "0. Pre Processing", "0. Pre Processing", "{E63F49C6-CD01-4D57-ADAE-0825F2EDA137}"
EndProject
Project("{2150E333-8FDC-42A3-9474-1A3956D46DE8}") = "1. CPP", "1. CPP", "{9DAACE94-D325-4FDA-9BDE-C03981AB6069}"
EndProject
Project("{2150E333-8FDC-42A3-9474-1A3956D46DE8}") = "STL", "STL", "{713E05F8-3ED4-4A4B-BC17-57F6647DD973}"
EndProject
Project("{2150E333-8FDC-42A3-9474-1A3956D46DE8}") = "Basics", "Basics", "{CE006557-797A-4384-ADBC-918D3859D8E8}"
EndProject
Project("{8BC9CEB8-8B4A-11D0-8D11-00A0C91BC942}") = "ifndef", "ifndef\ifndef.vcxproj", "{23B565AC-B969-4742-A0B6-97BED970DFF2}"
EndProject
Project("{8BC9CEB8-8B4A-11D0-8D11-00A0C91BC942}") = "pragma_once", "pragma_once\pragma_once.vcxproj", "{AF388A58-E697-4D5F-B96E-B4E2A92B9CF0}"
EndProject
Project("{2150E333-8FDC-42A3-9474-1A3956D46DE8}") = "2. Include Guard", "2. Include Guard", "{4189146E-FDAB-4E5E-ABD5-0EABCE30AF4A}"
EndProject
Project("{2150E333-8FDC-42A3-9474-1A3956D46DE8}") = "1. Basics", "1. Basics", "{138A12ED-F8CC-42F3-A4BD-28F7BBA3E007}"
EndProject
Project("{8BC9CEB8-8B4A-11D0-8D11-00A0C91BC942}") = "define", "define\define.vcxproj", "{E329357C-3332-4036-AC2D-5A428842DFAD}"
EndProject
Project("{8BC9CEB8-8B4A-11D0-8D11-00A0C91BC942}") = "include", "Include\Include.vcxproj", "{2CA2B247-FB2F-43E1-8C14-9A23D63C4F54}"
EndProject
Project("{2150E333-8FDC-42A3-9474-1A3956D46DE8}") = "Sort", "Sort", "{DCB183F0-5B24-4AFE-AA04-338D57A47A49}"
EndProject
Project("{8BC9CEB8-8B4A-11D0-8D11-00A0C91BC942}") = "Vector", "Vector\Vector.vcxproj", "{96FD3323-116A-4F40-88D0-D87784D2B9E8}"
EndProject
Project("{2150E333-8FDC-42A3-9474-1A3956D46DE8}") = "Functional", "Functional", "{8BDE815E-4DC9-44FB-A5F1-E7876480D831}"
EndProject
Project("{8BC9CEB8-8B4A-11D0-8D11-00A0C91BC942}") = "FuntionPointer", "FuntionPointer\FuntionPointer.vcxproj", "{6BEFF0D2-9921-4B73-97B4-DEAA51103CE9}"
EndProject
Project("{8BC9CEB8-8B4A-11D0-8D11-00A0C91BC942}") = "List", "List\List.vcxproj", "{3894137A-D058-4BDC-B9AB-AC98238F1750}"
EndProject
Project("{8BC9CEB8-8B4A-11D0-8D11-00A0C91BC942}") = "Constructor", "Constructor\Constructor.vcxproj", "{CF84A3B2-803F-4942-BF04-D75F45308581}"
EndProject
Project("{2150E333-8FDC-42A3-9474-1A3956D46DE8}") = "0. Test", "0. Test", "{E41EE633-5CB4-49BE-B3BD-16DF1F3E2529}"
EndProject
Project("{8BC9CEB8-8B4A-11D0-8D11-00A0C91BC942}") = "Test", "Test\Test.vcxproj", "{2FE040A0-E6E4-4538-A583-FB1F113EF86C}"
EndProject
Project("{8BC9CEB8-8B4A-11D0-8D11-00A0C91BC942}") = "Sort", "Sort\Sort.vcxproj", "{E73D4818-6F4B-4E88-910D-8567B1D9F523}"
EndProject
Project("{8BC9CEB8-8B4A-11D0-8D11-00A0C91BC942}") = "ReferenceTest", "ReferenceTest\ReferenceTest.vcxproj", "{54D11935-2842-4CFA-B45A-BC7AAE90BB3A}"
EndProject
Project("{2150E333-8FDC-42A3-9474-1A3956D46DE8}") = "9. Time", "9. Time", "{A073E582-5C9B-4F19-824F-C4D8AE7EE0CE}"
EndProject
Project("{8BC9CEB8-8B4A-11D0-8D11-00A0C91BC942}") = "Timer", "Timer\Timer.vcxproj", "{94EA25B6-5DDC-4D8C-864A-3F68BA3DC3FD}"
EndProject
Global
	GlobalSection(SolutionConfigurationPlatforms) = preSolution
		Debug|x64 = Debug|x64
		Debug|x86 = Debug|x86
		Release|x64 = Release|x64
		Release|x86 = Release|x86
	EndGlobalSection
	GlobalSection(ProjectConfigurationPlatforms) = postSolution
		{23B565AC-B969-4742-A0B6-97BED970DFF2}.Debug|x64.ActiveCfg = Debug|x64
		{23B565AC-B969-4742-A0B6-97BED970DFF2}.Debug|x64.Build.0 = Debug|x64
		{23B565AC-B969-4742-A0B6-97BED970DFF2}.Debug|x86.ActiveCfg = Debug|Win32
		{23B565AC-B969-4742-A0B6-97BED970DFF2}.Debug|x86.Build.0 = Debug|Win32
		{23B565AC-B969-4742-A0B6-97BED970DFF2}.Release|x64.ActiveCfg = Release|x64
		{23B565AC-B969-4742-A0B6-97BED970DFF2}.Release|x64.Build.0 = Release|x64
		{23B565AC-B969-4742-A0B6-97BED970DFF2}.Release|x86.ActiveCfg = Release|Win32
		{23B565AC-B969-4742-A0B6-97BED970DFF2}.Release|x86.Build.0 = Release|Win32
		{AF388A58-E697-4D5F-B96E-B4E2A92B9CF0}.Debug|x64.ActiveCfg = Debug|x64
		{AF388A58-E697-4D5F-B96E-B4E2A92B9CF0}.Debug|x64.Build.0 = Debug|x64
		{AF388A58-E697-4D5F-B96E-B4E2A92B9CF0}.Debug|x86.ActiveCfg = Debug|Win32
		{AF388A58-E697-4D5F-B96E-B4E2A92B9CF0}.Debug|x86.Build.0 = Debug|Win32
		{AF388A58-E697-4D5F-B96E-B4E2A92B9CF0}.Release|x64.ActiveCfg = Release|x64
		{AF388A58-E697-4D5F-B96E-B4E2A92B9CF0}.Release|x64.Build.0 = Release|x64
		{AF388A58-E697-4D5F-B96E-B4E2A92B9CF0}.Release|x86.ActiveCfg = Release|Win32
		{AF388A58-E697-4D5F-B96E-B4E2A92B9CF0}.Release|x86.Build.0 = Release|Win32
		{E329357C-3332-4036-AC2D-5A428842DFAD}.Debug|x64.ActiveCfg = Debug|x64
		{E329357C-3332-4036-AC2D-5A428842DFAD}.Debug|x64.Build.0 = Debug|x64
		{E329357C-3332-4036-AC2D-5A428842DFAD}.Debug|x86.ActiveCfg = Debug|Win32
		{E329357C-3332-4036-AC2D-5A428842DFAD}.Debug|x86.Build.0 = Debug|Win32
		{E329357C-3332-4036-AC2D-5A428842DFAD}.Release|x64.ActiveCfg = Release|x64
		{E329357C-3332-4036-AC2D-5A428842DFAD}.Release|x64.Build.0 = Release|x64
		{E329357C-3332-4036-AC2D-5A428842DFAD}.Release|x86.ActiveCfg = Release|Win32
		{E329357C-3332-4036-AC2D-5A428842DFAD}.Release|x86.Build.0 = Release|Win32
		{2CA2B247-FB2F-43E1-8C14-9A23D63C4F54}.Debug|x64.ActiveCfg = Debug|x64
		{2CA2B247-FB2F-43E1-8C14-9A23D63C4F54}.Debug|x64.Build.0 = Debug|x64
		{2CA2B247-FB2F-43E1-8C14-9A23D63C4F54}.Debug|x86.ActiveCfg = Debug|Win32
		{2CA2B247-FB2F-43E1-8C14-9A23D63C4F54}.Debug|x86.Build.0 = Debug|Win32
		{2CA2B247-FB2F-43E1-8C14-9A23D63C4F54}.Release|x64.ActiveCfg = Release|x64
		{2CA2B247-FB2F-43E1-8C14-9A23D63C4F54}.Release|x64.Build.0 = Release|x64
		{2CA2B247-FB2F-43E1-8C14-9A23D63C4F54}.Release|x86.ActiveCfg = Release|Win32
		{2CA2B247-FB2F-43E1-8C14-9A23D63C4F54}.Release|x86.Build.0 = Release|Win32
		{96FD3323-116A-4F40-88D0-D87784D2B9E8}.Debug|x64.ActiveCfg = Debug|x64
		{96FD3323-116A-4F40-88D0-D87784D2B9E8}.Debug|x64.Build.0 = Debug|x64
		{96FD3323-116A-4F40-88D0-D87784D2B9E8}.Debug|x86.ActiveCfg = Debug|Win32
		{96FD3323-116A-4F40-88D0-D87784D2B9E8}.Debug|x86.Build.0 = Debug|Win32
		{96FD3323-116A-4F40-88D0-D87784D2B9E8}.Release|x64.ActiveCfg = Release|x64
		{96FD3323-116A-4F40-88D0-D87784D2B9E8}.Release|x64.Build.0 = Release|x64
		{96FD3323-116A-4F40-88D0-D87784D2B9E8}.Release|x86.ActiveCfg = Release|Win32
		{96FD3323-116A-4F40-88D0-D87784D2B9E8}.Release|x86.Build.0 = Release|Win32
		{6BEFF0D2-9921-4B73-97B4-DEAA51103CE9}.Debug|x64.ActiveCfg = Debug|x64
		{6BEFF0D2-9921-4B73-97B4-DEAA51103CE9}.Debug|x64.Build.0 = Debug|x64
		{6BEFF0D2-9921-4B73-97B4-DEAA51103CE9}.Debug|x86.ActiveCfg = Debug|Win32
		{6BEFF0D2-9921-4B73-97B4-DEAA51103CE9}.Debug|x86.Build.0 = Debug|Win32
		{6BEFF0D2-9921-4B73-97B4-DEAA51103CE9}.Release|x64.ActiveCfg = Release|x64
		{6BEFF0D2-9921-4B73-97B4-DEAA51103CE9}.Release|x64.Build.0 = Release|x64
		{6BEFF0D2-9921-4B73-97B4-DEAA51103CE9}.Release|x86.ActiveCfg = Release|Win32
		{6BEFF0D2-9921-4B73-97B4-DEAA51103CE9}.Release|x86.Build.0 = Release|Win32
		{3894137A-D058-4BDC-B9AB-AC98238F1750}.Debug|x64.ActiveCfg = Debug|x64
		{3894137A-D058-4BDC-B9AB-AC98238F1750}.Debug|x64.Build.0 = Debug|x64
		{3894137A-D058-4BDC-B9AB-AC98238F1750}.Debug|x86.ActiveCfg = Debug|Win32
		{3894137A-D058-4BDC-B9AB-AC98238F1750}.Debug|x86.Build.0 = Debug|Win32
		{3894137A-D058-4BDC-B9AB-AC98238F1750}.Release|x64.ActiveCfg = Release|x64
		{3894137A-D058-4BDC-B9AB-AC98238F1750}.Release|x64.Build.0 = Release|x64
		{3894137A-D058-4BDC-B9AB-AC98238F1750}.Release|x86.ActiveCfg = Release|Win32
		{3894137A-D058-4BDC-B9AB-AC98238F1750}.Release|x86.Build.0 = Release|Win32
		{CF84A3B2-803F-4942-BF04-D75F45308581}.Debug|x64.ActiveCfg = Debug|x64
		{CF84A3B2-803F-4942-BF04-D75F45308581}.Debug|x64.Build.0 = Debug|x64
		{CF84A3B2-803F-4942-BF04-D75F45308581}.Debug|x86.ActiveCfg = Debug|Win32
		{CF84A3B2-803F-4942-BF04-D75F45308581}.Debug|x86.Build.0 = Debug|Win32
		{CF84A3B2-803F-4942-BF04-D75F45308581}.Release|x64.ActiveCfg = Release|x64
		{CF84A3B2-803F-4942-BF04-D75F45308581}.Release|x64.Build.0 = Release|x64
		{CF84A3B2-803F-4942-BF04-D75F45308581}.Release|x86.ActiveCfg = Release|Win32
		{CF84A3B2-803F-4942-BF04-D75F45308581}.Release|x86.Build.0 = Release|Win32
		{2FE040A0-E6E4-4538-A583-FB1F113EF86C}.Debug|x64.ActiveCfg = Debug|x64
		{2FE040A0-E6E4-4538-A583-FB1F113EF86C}.Debug|x64.Build.0 = Debug|x64
		{2FE040A0-E6E4-4538-A583-FB1F113EF86C}.Debug|x86.ActiveCfg = Debug|Win32
		{2FE040A0-E6E4-4538-A583-FB1F113EF86C}.Debug|x86.Build.0 = Debug|Win32
		{2FE040A0-E6E4-4538-A583-FB1F113EF86C}.Release|x64.ActiveCfg = Release|x64
		{2FE040A0-E6E4-4538-A583-FB1F113EF86C}.Release|x64.Build.0 = Release|x64
		{2FE040A0-E6E4-4538-A583-FB1F113EF86C}.Release|x86.ActiveCfg = Release|Win32
		{2FE040A0-E6E4-4538-A583-FB1F113EF86C}.Release|x86.Build.0 = Release|Win32
		{E73D4818-6F4B-4E88-910D-8567B1D9F523}.Debug|x64.ActiveCfg = Debug|x64
		{E73D4818-6F4B-4E88-910D-8567B1D9F523}.Debug|x64.Build.0 = Debug|x64
		{E73D4818-6F4B-4E88-910D-8567B1D9F523}.Debug|x86.ActiveCfg = Debug|Win32
		{E73D4818-6F4B-4E88-910D-8567B1D9F523}.Debug|x86.Build.0 = Debug|Win32
		{E73D4818-6F4B-4E88-910D-8567B1D9F523}.Release|x64.ActiveCfg = Release|x64
		{E73D4818-6F4B-4E88-910D-8567B1D9F523}.Release|x64.Build.0 = Release|x64
		{E73D4818-6F4B-4E88-910D-8567B1D9F523}.Release|x86.ActiveCfg = Release|Win32
		{E73D4818-6F4B-4E88-910D-8567B1D9F523}.Release|x86.Build.0 = Release|Win32
		{54D11935-2842-4CFA-B45A-BC7AAE90BB3A}.Debug|x64.ActiveCfg = Debug|x64
		{54D11935-2842-4CFA-B45A-BC7AAE90BB3A}.Debug|x64.Build.0 = Debug|x64
		{54D11935-2842-4CFA-B45A-BC7AAE90BB3A}.Debug|x86.ActiveCfg = Debug|Win32
		{54D11935-2842-4CFA-B45A-BC7AAE90BB3A}.Debug|x86.Build.0 = Debug|Win32
		{54D11935-2842-4CFA-B45A-BC7AAE90BB3A}.Release|x64.ActiveCfg = Release|x64
		{54D11935-2842-4CFA-B45A-BC7AAE90BB3A}.Release|x64.Build.0 = Release|x64
		{54D11935-2842-4CFA-B45A-BC7AAE90BB3A}.Release|x86.ActiveCfg = Release|Win32
		{54D11935-2842-4CFA-B45A-BC7AAE90BB3A}.Release|x86.Build.0 = Release|Win32
		{94EA25B6-5DDC-4D8C-864A-3F68BA3DC3FD}.Debug|x64.ActiveCfg = Debug|x64
		{94EA25B6-5DDC-4D8C-864A-3F68BA3DC3FD}.Debug|x64.Build.0 = Debug|x64
		{94EA25B6-5DDC-4D8C-864A-3F68BA3DC3FD}.Debug|x86.ActiveCfg = Debug|Win32
		{94EA25B6-5DDC-4D8C-864A-3F68BA3DC3FD}.Debug|x86.Build.0 = Debug|Win32
		{94EA25B6-5DDC-4D8C-864A-3F68BA3DC3FD}.Release|x64.ActiveCfg = Release|x64
		{94EA25B6-5DDC-4D8C-864A-3F68BA3DC3FD}.Release|x64.Build.0 = Release|x64
		{94EA25B6-5DDC-4D8C-864A-3F68BA3DC3FD}.Release|x86.ActiveCfg = Release|Win32
		{94EA25B6-5DDC-4D8C-864A-3F68BA3DC3FD}.Release|x86.Build.0 = Release|Win32
	EndGlobalSection
	GlobalSection(SolutionProperties) = preSolution
		HideSolutionNode = FALSE
	EndGlobalSection
	GlobalSection(NestedProjects) = preSolution
		{713E05F8-3ED4-4A4B-BC17-57F6647DD973} = {9DAACE94-D325-4FDA-9BDE-C03981AB6069}
		{CE006557-797A-4384-ADBC-918D3859D8E8} = {9DAACE94-D325-4FDA-9BDE-C03981AB6069}
		{23B565AC-B969-4742-A0B6-97BED970DFF2} = {4189146E-FDAB-4E5E-ABD5-0EABCE30AF4A}
		{AF388A58-E697-4D5F-B96E-B4E2A92B9CF0} = {4189146E-FDAB-4E5E-ABD5-0EABCE30AF4A}
		{4189146E-FDAB-4E5E-ABD5-0EABCE30AF4A} = {E63F49C6-CD01-4D57-ADAE-0825F2EDA137}
		{138A12ED-F8CC-42F3-A4BD-28F7BBA3E007} = {E63F49C6-CD01-4D57-ADAE-0825F2EDA137}
		{E329357C-3332-4036-AC2D-5A428842DFAD} = {138A12ED-F8CC-42F3-A4BD-28F7BBA3E007}
		{2CA2B247-FB2F-43E1-8C14-9A23D63C4F54} = {138A12ED-F8CC-42F3-A4BD-28F7BBA3E007}
		{DCB183F0-5B24-4AFE-AA04-338D57A47A49} = {9DAACE94-D325-4FDA-9BDE-C03981AB6069}
		{96FD3323-116A-4F40-88D0-D87784D2B9E8} = {713E05F8-3ED4-4A4B-BC17-57F6647DD973}
		{8BDE815E-4DC9-44FB-A5F1-E7876480D831} = {9DAACE94-D325-4FDA-9BDE-C03981AB6069}
		{6BEFF0D2-9921-4B73-97B4-DEAA51103CE9} = {8BDE815E-4DC9-44FB-A5F1-E7876480D831}
		{3894137A-D058-4BDC-B9AB-AC98238F1750} = {713E05F8-3ED4-4A4B-BC17-57F6647DD973}
		{CF84A3B2-803F-4942-BF04-D75F45308581} = {CE006557-797A-4384-ADBC-918D3859D8E8}
		{E41EE633-5CB4-49BE-B3BD-16DF1F3E2529} = {E63F49C6-CD01-4D57-ADAE-0825F2EDA137}
		{2FE040A0-E6E4-4538-A583-FB1F113EF86C} = {E41EE633-5CB4-49BE-B3BD-16DF1F3E2529}
		{E73D4818-6F4B-4E88-910D-8567B1D9F523} = {DCB183F0-5B24-4AFE-AA04-338D57A47A49}
		{54D11935-2842-4CFA-B45A-BC7AAE90BB3A} = {CE006557-797A-4384-ADBC-918D3859D8E8}
		{94EA25B6-5DDC-4D8C-864A-3F68BA3DC3FD} = {A073E582-5C9B-4F19-824F-C4D8AE7EE0CE}
	EndGlobalSection
	GlobalSection(ExtensibilityGlobals) = postSolution
		SolutionGuid = {35A4BB6D-BCD1-45C6-BBED-254D2768E3D2}
	EndGlobalSection
EndGlobal
