
Microsoft Visual Studio Solution File, Format Version 12.00
# Visual Studio Version 17
VisualStudioVersion = 17.9.34714.143
MinimumVisualStudioVersion = 10.0.40219.1
Project("{2150E333-8FDC-42A3-9474-1A3956D46DE8}") = "01. Pre Processing", "01. Pre Processing", "{E63F49C6-CD01-4D57-ADAE-0825F2EDA137}"
EndProject
Project("{2150E333-8FDC-42A3-9474-1A3956D46DE8}") = "02. CPP", "02. CPP", "{9DAACE94-D325-4FDA-9BDE-C03981AB6069}"
EndProject
Project("{2150E333-8FDC-42A3-9474-1A3956D46DE8}") = "01. STL", "01. STL", "{713E05F8-3ED4-4A4B-BC17-57F6647DD973}"
EndProject
Project("{2150E333-8FDC-42A3-9474-1A3956D46DE8}") = "00. Basics", "00. Basics", "{CE006557-797A-4384-ADBC-918D3859D8E8}"
EndProject
Project("{8BC9CEB8-8B4A-11D0-8D11-00A0C91BC942}") = "ifndef", "ifndef\ifndef.vcxproj", "{23B565AC-B969-4742-A0B6-97BED970DFF2}"
EndProject
Project("{8BC9CEB8-8B4A-11D0-8D11-00A0C91BC942}") = "pragma_once", "pragma_once\pragma_once.vcxproj", "{AF388A58-E697-4D5F-B96E-B4E2A92B9CF0}"
EndProject
Project("{2150E333-8FDC-42A3-9474-1A3956D46DE8}") = "02. Include Guard", "02. Include Guard", "{4189146E-FDAB-4E5E-ABD5-0EABCE30AF4A}"
	ProjectSection(SolutionItems) = preProject
		설명.txt = 설명.txt
	EndProjectSection
EndProject
Project("{2150E333-8FDC-42A3-9474-1A3956D46DE8}") = "01. Basics", "01. Basics", "{138A12ED-F8CC-42F3-A4BD-28F7BBA3E007}"
EndProject
Project("{8BC9CEB8-8B4A-11D0-8D11-00A0C91BC942}") = "define", "define\define.vcxproj", "{E329357C-3332-4036-AC2D-5A428842DFAD}"
EndProject
Project("{8BC9CEB8-8B4A-11D0-8D11-00A0C91BC942}") = "include", "Include\Include.vcxproj", "{2CA2B247-FB2F-43E1-8C14-9A23D63C4F54}"
EndProject
Project("{2150E333-8FDC-42A3-9474-1A3956D46DE8}") = "02. Sort", "02. Sort", "{DCB183F0-5B24-4AFE-AA04-338D57A47A49}"
EndProject
Project("{8BC9CEB8-8B4A-11D0-8D11-00A0C91BC942}") = "FuntionPointer", "FuntionPointer\FuntionPointer.vcxproj", "{6BEFF0D2-9921-4B73-97B4-DEAA51103CE9}"
EndProject
Project("{8BC9CEB8-8B4A-11D0-8D11-00A0C91BC942}") = "Constructor", "Constructor\Constructor.vcxproj", "{CF84A3B2-803F-4942-BF04-D75F45308581}"
EndProject
Project("{8BC9CEB8-8B4A-11D0-8D11-00A0C91BC942}") = "ReferenceTest", "ReferenceTest\ReferenceTest.vcxproj", "{54D11935-2842-4CFA-B45A-BC7AAE90BB3A}"
EndProject
Project("{2150E333-8FDC-42A3-9474-1A3956D46DE8}") = "00. Test", "00. Test", "{A073E582-5C9B-4F19-824F-C4D8AE7EE0CE}"
EndProject
Project("{2150E333-8FDC-42A3-9474-1A3956D46DE8}") = "00. Timer", "00. Timer", "{0018C08C-9ACE-4C82-BAE4-37F473966FB7}"
EndProject
Project("{8BC9CEB8-8B4A-11D0-8D11-00A0C91BC942}") = "Timer", "Timer\Timer.vcxproj", "{92F26D75-6BEC-480C-BFF4-C8088D0BDBB6}"
EndProject
Project("{8BC9CEB8-8B4A-11D0-8D11-00A0C91BC942}") = "is_same", "is_same\is_same.vcxproj", "{88D518E8-8A59-4EC9-A728-DB4BFB8E1D3E}"
EndProject
Project("{2150E333-8FDC-42A3-9474-1A3956D46DE8}") = "01. Sequence_Contaner", "01. Sequence_Contaner", "{A2154FCF-6C65-4157-9581-E81C95A4A935}"
EndProject
Project("{2150E333-8FDC-42A3-9474-1A3956D46DE8}") = "02. Associative_Contaner", "02. Associative_Contaner", "{22BBAF03-A564-4F30-9ED6-66BA933B7F1B}"
EndProject
Project("{2150E333-8FDC-42A3-9474-1A3956D46DE8}") = "03. Adapter_Contaner", "03. Adapter_Contaner", "{181B6D02-1046-4049-9202-36FB2F51B221}"
EndProject
Project("{8BC9CEB8-8B4A-11D0-8D11-00A0C91BC942}") = "01. Stack", "Stack\Stack.vcxproj", "{5FAA319E-9FC4-431A-BA40-9E82387F7BAA}"
EndProject
Project("{8BC9CEB8-8B4A-11D0-8D11-00A0C91BC942}") = "02. Queue", "Queue\Queue.vcxproj", "{DEDFF831-825A-41C6-B721-9001E85FC184}"
EndProject
Project("{8BC9CEB8-8B4A-11D0-8D11-00A0C91BC942}") = "03. Priority_Queue", "Priority_Queue\Priority_Queue.vcxproj", "{8E9828BB-A416-418F-B1AF-12E5797165E7}"
EndProject
Project("{8BC9CEB8-8B4A-11D0-8D11-00A0C91BC942}") = "01. Set", "01. Set\01. Set.vcxproj", "{4E53872F-FADB-49A9-A447-A0C4139CA010}"
EndProject
Project("{8BC9CEB8-8B4A-11D0-8D11-00A0C91BC942}") = "02. Map", "02. Map\02. Map.vcxproj", "{4E3CDC28-7961-4949-87B4-0981F6BB9D80}"
EndProject
Project("{2150E333-8FDC-42A3-9474-1A3956D46DE8}") = "HashTable", "HashTable", "{506C7703-3AF6-461D-BDA0-1CDE7FE6091B}"
EndProject
Project("{8BC9CEB8-8B4A-11D0-8D11-00A0C91BC942}") = "01. Unordered_Set", "01. Unordered_Set\01. Unordered_Set.vcxproj", "{A7DE1099-31FE-4927-969E-A5F04723F841}"
EndProject
Project("{8BC9CEB8-8B4A-11D0-8D11-00A0C91BC942}") = "02. Unordered_Map", "02. Unordered_Map\02. Unordered_Map.vcxproj", "{D0718482-ECC6-470D-8E9E-C8A684EE8D57}"
EndProject
Project("{8BC9CEB8-8B4A-11D0-8D11-00A0C91BC942}") = "01. Vector", "01. Vector\01. Vector.vcxproj", "{C0AB2B6E-3818-4BCB-8DC2-0419276D3C50}"
EndProject
Project("{8BC9CEB8-8B4A-11D0-8D11-00A0C91BC942}") = "01. Stack_vs_Vector", "01. Stack_vs_Vector\01. Stack_vs_Vector.vcxproj", "{AAB389E8-2623-456B-8162-C078E3F4AC37}"
EndProject
Project("{2150E333-8FDC-42A3-9474-1A3956D46DE8}") = "03. Algorithm", "03. Algorithm", "{69E34DA7-398D-4970-90CD-195704B0F153}"
EndProject
Project("{2150E333-8FDC-42A3-9474-1A3956D46DE8}") = "01. Shortest Path", "01. Shortest Path", "{FF18EDC8-C3F3-4228-B55B-3C4757AE616E}"
EndProject
Project("{8BC9CEB8-8B4A-11D0-8D11-00A0C91BC942}") = "Dijkstra", "Dijkstra\Dijkstra.vcxproj", "{68056E85-7F5C-465C-9F97-5BCE9593B0AC}"
EndProject
Project("{2150E333-8FDC-42A3-9474-1A3956D46DE8}") = "02. Exhaustive Search", "02. Exhaustive Search", "{7D18E6CE-CFF4-4C2C-BE8C-AB435E361CD6}"
EndProject
Project("{2150E333-8FDC-42A3-9474-1A3956D46DE8}") = "04. Backtracking", "04. Backtracking", "{5038B41F-50E1-4EEF-B2A6-732260EABAA4}"
EndProject
Project("{8BC9CEB8-8B4A-11D0-8D11-00A0C91BC942}") = "Backtracking", "Backtracking\Backtracking.vcxproj", "{FB52CF1D-7965-4B94-A946-C9FE4733FF36}"
EndProject
Project("{8BC9CEB8-8B4A-11D0-8D11-00A0C91BC942}") = "Floyd-Warshall", "Floyd-Warshall\Floyd-Warshall.vcxproj", "{19D36B9F-2832-43D5-BF36-9854711FF756}"
EndProject
Project("{8BC9CEB8-8B4A-11D0-8D11-00A0C91BC942}") = "Breadth-First_Search", "Breadth-First_Search\Breadth-First_Search.vcxproj", "{79AEB320-F7F7-4096-9EE6-6E22394E1B15}"
EndProject
Project("{2150E333-8FDC-42A3-9474-1A3956D46DE8}") = "03. Dynamic Programming", "03. Dynamic Programming", "{32179E3C-0E01-4E0E-A059-97C88AB61ED5}"
EndProject
Project("{8BC9CEB8-8B4A-11D0-8D11-00A0C91BC942}") = "42898", "42898\42898.vcxproj", "{09D91A17-653A-47EF-8108-45D4AB9804A5}"
EndProject
Project("{8BC9CEB8-8B4A-11D0-8D11-00A0C91BC942}") = "Struct", "Struct\Struct.vcxproj", "{EAA74821-1D9C-4B3A-ADF8-C35362A28A04}"
EndProject
Project("{8BC9CEB8-8B4A-11D0-8D11-00A0C91BC942}") = "Move", "Move\Move.vcxproj", "{71E142CA-2A04-409E-8483-8E0B823C4E3C}"
EndProject
Project("{8BC9CEB8-8B4A-11D0-8D11-00A0C91BC942}") = "Cast", "Cast\Cast.vcxproj", "{5504AD6D-C1C2-4682-94AB-75C1FB5959FB}"
EndProject
Project("{8BC9CEB8-8B4A-11D0-8D11-00A0C91BC942}") = "Virtual", "Virtual\Virtual.vcxproj", "{079F8459-5E9F-4BBC-812F-9353372D5001}"
EndProject
Project("{8BC9CEB8-8B4A-11D0-8D11-00A0C91BC942}") = "Permutation", "Permutation\Permutation.vcxproj", "{67173572-8D45-42B0-A651-13CE976BA429}"
EndProject
Project("{2150E333-8FDC-42A3-9474-1A3956D46DE8}") = "03. Optimization", "03. Optimization", "{09D31810-F930-42D5-A120-1CA829984795}"
EndProject
Project("{8BC9CEB8-8B4A-11D0-8D11-00A0C91BC942}") = "RVO", "RVO\RVO.vcxproj", "{9DBB76D4-49A1-4E1B-BB16-F960D279025F}"
EndProject
Project("{8BC9CEB8-8B4A-11D0-8D11-00A0C91BC942}") = "Overloading", "Overloading\Overloading.vcxproj", "{1279B83B-15D7-44EA-BAF1-53AAA06781C2}"
EndProject
Project("{8BC9CEB8-8B4A-11D0-8D11-00A0C91BC942}") = "PureVirtual", "PureVirtual\PureVirtual.vcxproj", "{51C3FE49-4D85-4D28-96ED-F96F8610E41D}"
EndProject
Project("{8BC9CEB8-8B4A-11D0-8D11-00A0C91BC942}") = "Lambda_1", "Lambda_1\Lambda_1.vcxproj", "{4EF9C891-1B33-4AB7-8AB5-2D04B2C19FD9}"
EndProject
Project("{8BC9CEB8-8B4A-11D0-8D11-00A0C91BC942}") = "Lambda_2", "Lambda_2\Lambda_2.vcxproj", "{AD18D2B4-4304-427B-A119-9D95B97664F9}"
EndProject
Project("{8BC9CEB8-8B4A-11D0-8D11-00A0C91BC942}") = "L_Value_R_Value", "L_Value_R_Value\L_Value_R_Value.vcxproj", "{C7B04D9E-FB14-46E4-B3F0-EF324262C58B}"
EndProject
Project("{8BC9CEB8-8B4A-11D0-8D11-00A0C91BC942}") = "typedef_vs_using", "typedef_vs_using\typedef_vs_using.vcxproj", "{8CB54276-270F-4CED-AD17-41AC34C36AF1}"
EndProject
Project("{8BC9CEB8-8B4A-11D0-8D11-00A0C91BC942}") = "Try_Catch", "Try_Catch\Try_Catch.vcxproj", "{45CADD71-388D-4FBF-8925-8CA811C4E6EE}"
EndProject
Project("{8BC9CEB8-8B4A-11D0-8D11-00A0C91BC942}") = "Default_Class", "Default_Class\Default_Class.vcxproj", "{464AC37B-B87F-4879-B545-BF35C7D5FEA5}"
EndProject
Project("{8BC9CEB8-8B4A-11D0-8D11-00A0C91BC942}") = "TestProject", "TestProject\TestProject.vcxproj", "{6DCCE3EF-9760-4017-B096-D25094C9E5C9}"
EndProject
Project("{8BC9CEB8-8B4A-11D0-8D11-00A0C91BC942}") = "Forward_Declaration", "Forward_Declaration\Forward_Declaration.vcxproj", "{ED28C60B-B7F5-43C2-A218-29BD788E1CD9}"
EndProject
Project("{2150E333-8FDC-42A3-9474-1A3956D46DE8}") = "04. SmartPointer", "04. SmartPointer", "{BC72F3FA-C2A1-4F1A-845F-51191E443F12}"
EndProject
Project("{8BC9CEB8-8B4A-11D0-8D11-00A0C91BC942}") = "Unique_ptr", "Unique_ptr\Unique_ptr.vcxproj", "{A47AB6B1-C6A1-4832-9C6F-D3B20EFE2DA3}"
EndProject
Global
	GlobalSection(SolutionConfigurationPlatforms) = preSolution
		Debug|x64 = Debug|x64
		Debug|x86 = Debug|x86
		Release|x64 = Release|x64
		Release|x86 = Release|x86
	EndGlobalSection
	GlobalSection(ProjectConfigurationPlatforms) = postSolution
		{23B565AC-B969-4742-A0B6-97BED970DFF2}.Debug|x64.ActiveCfg = Debug|x64
		{23B565AC-B969-4742-A0B6-97BED970DFF2}.Debug|x64.Build.0 = Debug|x64
		{23B565AC-B969-4742-A0B6-97BED970DFF2}.Debug|x86.ActiveCfg = Debug|Win32
		{23B565AC-B969-4742-A0B6-97BED970DFF2}.Debug|x86.Build.0 = Debug|Win32
		{23B565AC-B969-4742-A0B6-97BED970DFF2}.Release|x64.ActiveCfg = Release|x64
		{23B565AC-B969-4742-A0B6-97BED970DFF2}.Release|x64.Build.0 = Release|x64
		{23B565AC-B969-4742-A0B6-97BED970DFF2}.Release|x86.ActiveCfg = Release|Win32
		{23B565AC-B969-4742-A0B6-97BED970DFF2}.Release|x86.Build.0 = Release|Win32
		{AF388A58-E697-4D5F-B96E-B4E2A92B9CF0}.Debug|x64.ActiveCfg = Debug|x64
		{AF388A58-E697-4D5F-B96E-B4E2A92B9CF0}.Debug|x64.Build.0 = Debug|x64
		{AF388A58-E697-4D5F-B96E-B4E2A92B9CF0}.Debug|x86.ActiveCfg = Debug|Win32
		{AF388A58-E697-4D5F-B96E-B4E2A92B9CF0}.Debug|x86.Build.0 = Debug|Win32
		{AF388A58-E697-4D5F-B96E-B4E2A92B9CF0}.Release|x64.ActiveCfg = Release|x64
		{AF388A58-E697-4D5F-B96E-B4E2A92B9CF0}.Release|x64.Build.0 = Release|x64
		{AF388A58-E697-4D5F-B96E-B4E2A92B9CF0}.Release|x86.ActiveCfg = Release|Win32
		{AF388A58-E697-4D5F-B96E-B4E2A92B9CF0}.Release|x86.Build.0 = Release|Win32
		{E329357C-3332-4036-AC2D-5A428842DFAD}.Debug|x64.ActiveCfg = Debug|x64
		{E329357C-3332-4036-AC2D-5A428842DFAD}.Debug|x64.Build.0 = Debug|x64
		{E329357C-3332-4036-AC2D-5A428842DFAD}.Debug|x86.ActiveCfg = Debug|Win32
		{E329357C-3332-4036-AC2D-5A428842DFAD}.Debug|x86.Build.0 = Debug|Win32
		{E329357C-3332-4036-AC2D-5A428842DFAD}.Release|x64.ActiveCfg = Release|x64
		{E329357C-3332-4036-AC2D-5A428842DFAD}.Release|x64.Build.0 = Release|x64
		{E329357C-3332-4036-AC2D-5A428842DFAD}.Release|x86.ActiveCfg = Release|Win32
		{E329357C-3332-4036-AC2D-5A428842DFAD}.Release|x86.Build.0 = Release|Win32
		{2CA2B247-FB2F-43E1-8C14-9A23D63C4F54}.Debug|x64.ActiveCfg = Debug|x64
		{2CA2B247-FB2F-43E1-8C14-9A23D63C4F54}.Debug|x64.Build.0 = Debug|x64
		{2CA2B247-FB2F-43E1-8C14-9A23D63C4F54}.Debug|x86.ActiveCfg = Debug|Win32
		{2CA2B247-FB2F-43E1-8C14-9A23D63C4F54}.Debug|x86.Build.0 = Debug|Win32
		{2CA2B247-FB2F-43E1-8C14-9A23D63C4F54}.Release|x64.ActiveCfg = Release|x64
		{2CA2B247-FB2F-43E1-8C14-9A23D63C4F54}.Release|x64.Build.0 = Release|x64
		{2CA2B247-FB2F-43E1-8C14-9A23D63C4F54}.Release|x86.ActiveCfg = Release|Win32
		{2CA2B247-FB2F-43E1-8C14-9A23D63C4F54}.Release|x86.Build.0 = Release|Win32
		{6BEFF0D2-9921-4B73-97B4-DEAA51103CE9}.Debug|x64.ActiveCfg = Debug|x64
		{6BEFF0D2-9921-4B73-97B4-DEAA51103CE9}.Debug|x64.Build.0 = Debug|x64
		{6BEFF0D2-9921-4B73-97B4-DEAA51103CE9}.Debug|x86.ActiveCfg = Debug|Win32
		{6BEFF0D2-9921-4B73-97B4-DEAA51103CE9}.Debug|x86.Build.0 = Debug|Win32
		{6BEFF0D2-9921-4B73-97B4-DEAA51103CE9}.Release|x64.ActiveCfg = Release|x64
		{6BEFF0D2-9921-4B73-97B4-DEAA51103CE9}.Release|x64.Build.0 = Release|x64
		{6BEFF0D2-9921-4B73-97B4-DEAA51103CE9}.Release|x86.ActiveCfg = Release|Win32
		{6BEFF0D2-9921-4B73-97B4-DEAA51103CE9}.Release|x86.Build.0 = Release|Win32
		{CF84A3B2-803F-4942-BF04-D75F45308581}.Debug|x64.ActiveCfg = Debug|x64
		{CF84A3B2-803F-4942-BF04-D75F45308581}.Debug|x64.Build.0 = Debug|x64
		{CF84A3B2-803F-4942-BF04-D75F45308581}.Debug|x86.ActiveCfg = Debug|Win32
		{CF84A3B2-803F-4942-BF04-D75F45308581}.Debug|x86.Build.0 = Debug|Win32
		{CF84A3B2-803F-4942-BF04-D75F45308581}.Release|x64.ActiveCfg = Release|x64
		{CF84A3B2-803F-4942-BF04-D75F45308581}.Release|x64.Build.0 = Release|x64
		{CF84A3B2-803F-4942-BF04-D75F45308581}.Release|x86.ActiveCfg = Release|Win32
		{CF84A3B2-803F-4942-BF04-D75F45308581}.Release|x86.Build.0 = Release|Win32
		{54D11935-2842-4CFA-B45A-BC7AAE90BB3A}.Debug|x64.ActiveCfg = Debug|x64
		{54D11935-2842-4CFA-B45A-BC7AAE90BB3A}.Debug|x64.Build.0 = Debug|x64
		{54D11935-2842-4CFA-B45A-BC7AAE90BB3A}.Debug|x86.ActiveCfg = Debug|Win32
		{54D11935-2842-4CFA-B45A-BC7AAE90BB3A}.Debug|x86.Build.0 = Debug|Win32
		{54D11935-2842-4CFA-B45A-BC7AAE90BB3A}.Release|x64.ActiveCfg = Release|x64
		{54D11935-2842-4CFA-B45A-BC7AAE90BB3A}.Release|x64.Build.0 = Release|x64
		{54D11935-2842-4CFA-B45A-BC7AAE90BB3A}.Release|x86.ActiveCfg = Release|Win32
		{54D11935-2842-4CFA-B45A-BC7AAE90BB3A}.Release|x86.Build.0 = Release|Win32
		{92F26D75-6BEC-480C-BFF4-C8088D0BDBB6}.Debug|x64.ActiveCfg = Debug|x64
		{92F26D75-6BEC-480C-BFF4-C8088D0BDBB6}.Debug|x64.Build.0 = Debug|x64
		{92F26D75-6BEC-480C-BFF4-C8088D0BDBB6}.Debug|x86.ActiveCfg = Debug|Win32
		{92F26D75-6BEC-480C-BFF4-C8088D0BDBB6}.Debug|x86.Build.0 = Debug|Win32
		{92F26D75-6BEC-480C-BFF4-C8088D0BDBB6}.Release|x64.ActiveCfg = Release|x64
		{92F26D75-6BEC-480C-BFF4-C8088D0BDBB6}.Release|x64.Build.0 = Release|x64
		{92F26D75-6BEC-480C-BFF4-C8088D0BDBB6}.Release|x86.ActiveCfg = Release|Win32
		{92F26D75-6BEC-480C-BFF4-C8088D0BDBB6}.Release|x86.Build.0 = Release|Win32
		{88D518E8-8A59-4EC9-A728-DB4BFB8E1D3E}.Debug|x64.ActiveCfg = Debug|x64
		{88D518E8-8A59-4EC9-A728-DB4BFB8E1D3E}.Debug|x64.Build.0 = Debug|x64
		{88D518E8-8A59-4EC9-A728-DB4BFB8E1D3E}.Debug|x86.ActiveCfg = Debug|Win32
		{88D518E8-8A59-4EC9-A728-DB4BFB8E1D3E}.Debug|x86.Build.0 = Debug|Win32
		{88D518E8-8A59-4EC9-A728-DB4BFB8E1D3E}.Release|x64.ActiveCfg = Release|x64
		{88D518E8-8A59-4EC9-A728-DB4BFB8E1D3E}.Release|x64.Build.0 = Release|x64
		{88D518E8-8A59-4EC9-A728-DB4BFB8E1D3E}.Release|x86.ActiveCfg = Release|Win32
		{88D518E8-8A59-4EC9-A728-DB4BFB8E1D3E}.Release|x86.Build.0 = Release|Win32
		{5FAA319E-9FC4-431A-BA40-9E82387F7BAA}.Debug|x64.ActiveCfg = Debug|x64
		{5FAA319E-9FC4-431A-BA40-9E82387F7BAA}.Debug|x64.Build.0 = Debug|x64
		{5FAA319E-9FC4-431A-BA40-9E82387F7BAA}.Debug|x86.ActiveCfg = Debug|Win32
		{5FAA319E-9FC4-431A-BA40-9E82387F7BAA}.Debug|x86.Build.0 = Debug|Win32
		{5FAA319E-9FC4-431A-BA40-9E82387F7BAA}.Release|x64.ActiveCfg = Release|x64
		{5FAA319E-9FC4-431A-BA40-9E82387F7BAA}.Release|x64.Build.0 = Release|x64
		{5FAA319E-9FC4-431A-BA40-9E82387F7BAA}.Release|x86.ActiveCfg = Release|Win32
		{5FAA319E-9FC4-431A-BA40-9E82387F7BAA}.Release|x86.Build.0 = Release|Win32
		{DEDFF831-825A-41C6-B721-9001E85FC184}.Debug|x64.ActiveCfg = Debug|x64
		{DEDFF831-825A-41C6-B721-9001E85FC184}.Debug|x64.Build.0 = Debug|x64
		{DEDFF831-825A-41C6-B721-9001E85FC184}.Debug|x86.ActiveCfg = Debug|Win32
		{DEDFF831-825A-41C6-B721-9001E85FC184}.Debug|x86.Build.0 = Debug|Win32
		{DEDFF831-825A-41C6-B721-9001E85FC184}.Release|x64.ActiveCfg = Release|x64
		{DEDFF831-825A-41C6-B721-9001E85FC184}.Release|x64.Build.0 = Release|x64
		{DEDFF831-825A-41C6-B721-9001E85FC184}.Release|x86.ActiveCfg = Release|Win32
		{DEDFF831-825A-41C6-B721-9001E85FC184}.Release|x86.Build.0 = Release|Win32
		{8E9828BB-A416-418F-B1AF-12E5797165E7}.Debug|x64.ActiveCfg = Debug|x64
		{8E9828BB-A416-418F-B1AF-12E5797165E7}.Debug|x64.Build.0 = Debug|x64
		{8E9828BB-A416-418F-B1AF-12E5797165E7}.Debug|x86.ActiveCfg = Debug|Win32
		{8E9828BB-A416-418F-B1AF-12E5797165E7}.Debug|x86.Build.0 = Debug|Win32
		{8E9828BB-A416-418F-B1AF-12E5797165E7}.Release|x64.ActiveCfg = Release|x64
		{8E9828BB-A416-418F-B1AF-12E5797165E7}.Release|x64.Build.0 = Release|x64
		{8E9828BB-A416-418F-B1AF-12E5797165E7}.Release|x86.ActiveCfg = Release|Win32
		{8E9828BB-A416-418F-B1AF-12E5797165E7}.Release|x86.Build.0 = Release|Win32
		{4E53872F-FADB-49A9-A447-A0C4139CA010}.Debug|x64.ActiveCfg = Debug|x64
		{4E53872F-FADB-49A9-A447-A0C4139CA010}.Debug|x64.Build.0 = Debug|x64
		{4E53872F-FADB-49A9-A447-A0C4139CA010}.Debug|x86.ActiveCfg = Debug|Win32
		{4E53872F-FADB-49A9-A447-A0C4139CA010}.Debug|x86.Build.0 = Debug|Win32
		{4E53872F-FADB-49A9-A447-A0C4139CA010}.Release|x64.ActiveCfg = Release|x64
		{4E53872F-FADB-49A9-A447-A0C4139CA010}.Release|x64.Build.0 = Release|x64
		{4E53872F-FADB-49A9-A447-A0C4139CA010}.Release|x86.ActiveCfg = Release|Win32
		{4E53872F-FADB-49A9-A447-A0C4139CA010}.Release|x86.Build.0 = Release|Win32
		{4E3CDC28-7961-4949-87B4-0981F6BB9D80}.Debug|x64.ActiveCfg = Debug|x64
		{4E3CDC28-7961-4949-87B4-0981F6BB9D80}.Debug|x64.Build.0 = Debug|x64
		{4E3CDC28-7961-4949-87B4-0981F6BB9D80}.Debug|x86.ActiveCfg = Debug|Win32
		{4E3CDC28-7961-4949-87B4-0981F6BB9D80}.Debug|x86.Build.0 = Debug|Win32
		{4E3CDC28-7961-4949-87B4-0981F6BB9D80}.Release|x64.ActiveCfg = Release|x64
		{4E3CDC28-7961-4949-87B4-0981F6BB9D80}.Release|x64.Build.0 = Release|x64
		{4E3CDC28-7961-4949-87B4-0981F6BB9D80}.Release|x86.ActiveCfg = Release|Win32
		{4E3CDC28-7961-4949-87B4-0981F6BB9D80}.Release|x86.Build.0 = Release|Win32
		{A7DE1099-31FE-4927-969E-A5F04723F841}.Debug|x64.ActiveCfg = Debug|x64
		{A7DE1099-31FE-4927-969E-A5F04723F841}.Debug|x64.Build.0 = Debug|x64
		{A7DE1099-31FE-4927-969E-A5F04723F841}.Debug|x86.ActiveCfg = Debug|Win32
		{A7DE1099-31FE-4927-969E-A5F04723F841}.Debug|x86.Build.0 = Debug|Win32
		{A7DE1099-31FE-4927-969E-A5F04723F841}.Release|x64.ActiveCfg = Release|x64
		{A7DE1099-31FE-4927-969E-A5F04723F841}.Release|x64.Build.0 = Release|x64
		{A7DE1099-31FE-4927-969E-A5F04723F841}.Release|x86.ActiveCfg = Release|Win32
		{A7DE1099-31FE-4927-969E-A5F04723F841}.Release|x86.Build.0 = Release|Win32
		{D0718482-ECC6-470D-8E9E-C8A684EE8D57}.Debug|x64.ActiveCfg = Debug|x64
		{D0718482-ECC6-470D-8E9E-C8A684EE8D57}.Debug|x64.Build.0 = Debug|x64
		{D0718482-ECC6-470D-8E9E-C8A684EE8D57}.Debug|x86.ActiveCfg = Debug|Win32
		{D0718482-ECC6-470D-8E9E-C8A684EE8D57}.Debug|x86.Build.0 = Debug|Win32
		{D0718482-ECC6-470D-8E9E-C8A684EE8D57}.Release|x64.ActiveCfg = Release|x64
		{D0718482-ECC6-470D-8E9E-C8A684EE8D57}.Release|x64.Build.0 = Release|x64
		{D0718482-ECC6-470D-8E9E-C8A684EE8D57}.Release|x86.ActiveCfg = Release|Win32
		{D0718482-ECC6-470D-8E9E-C8A684EE8D57}.Release|x86.Build.0 = Release|Win32
		{C0AB2B6E-3818-4BCB-8DC2-0419276D3C50}.Debug|x64.ActiveCfg = Debug|x64
		{C0AB2B6E-3818-4BCB-8DC2-0419276D3C50}.Debug|x64.Build.0 = Debug|x64
		{C0AB2B6E-3818-4BCB-8DC2-0419276D3C50}.Debug|x86.ActiveCfg = Debug|Win32
		{C0AB2B6E-3818-4BCB-8DC2-0419276D3C50}.Debug|x86.Build.0 = Debug|Win32
		{C0AB2B6E-3818-4BCB-8DC2-0419276D3C50}.Release|x64.ActiveCfg = Release|x64
		{C0AB2B6E-3818-4BCB-8DC2-0419276D3C50}.Release|x64.Build.0 = Release|x64
		{C0AB2B6E-3818-4BCB-8DC2-0419276D3C50}.Release|x86.ActiveCfg = Release|Win32
		{C0AB2B6E-3818-4BCB-8DC2-0419276D3C50}.Release|x86.Build.0 = Release|Win32
		{AAB389E8-2623-456B-8162-C078E3F4AC37}.Debug|x64.ActiveCfg = Debug|x64
		{AAB389E8-2623-456B-8162-C078E3F4AC37}.Debug|x64.Build.0 = Debug|x64
		{AAB389E8-2623-456B-8162-C078E3F4AC37}.Debug|x86.ActiveCfg = Debug|Win32
		{AAB389E8-2623-456B-8162-C078E3F4AC37}.Debug|x86.Build.0 = Debug|Win32
		{AAB389E8-2623-456B-8162-C078E3F4AC37}.Release|x64.ActiveCfg = Release|x64
		{AAB389E8-2623-456B-8162-C078E3F4AC37}.Release|x64.Build.0 = Release|x64
		{AAB389E8-2623-456B-8162-C078E3F4AC37}.Release|x86.ActiveCfg = Release|Win32
		{AAB389E8-2623-456B-8162-C078E3F4AC37}.Release|x86.Build.0 = Release|Win32
		{68056E85-7F5C-465C-9F97-5BCE9593B0AC}.Debug|x64.ActiveCfg = Debug|x64
		{68056E85-7F5C-465C-9F97-5BCE9593B0AC}.Debug|x64.Build.0 = Debug|x64
		{68056E85-7F5C-465C-9F97-5BCE9593B0AC}.Debug|x86.ActiveCfg = Debug|Win32
		{68056E85-7F5C-465C-9F97-5BCE9593B0AC}.Debug|x86.Build.0 = Debug|Win32
		{68056E85-7F5C-465C-9F97-5BCE9593B0AC}.Release|x64.ActiveCfg = Release|x64
		{68056E85-7F5C-465C-9F97-5BCE9593B0AC}.Release|x64.Build.0 = Release|x64
		{68056E85-7F5C-465C-9F97-5BCE9593B0AC}.Release|x86.ActiveCfg = Release|Win32
		{68056E85-7F5C-465C-9F97-5BCE9593B0AC}.Release|x86.Build.0 = Release|Win32
		{FB52CF1D-7965-4B94-A946-C9FE4733FF36}.Debug|x64.ActiveCfg = Debug|x64
		{FB52CF1D-7965-4B94-A946-C9FE4733FF36}.Debug|x64.Build.0 = Debug|x64
		{FB52CF1D-7965-4B94-A946-C9FE4733FF36}.Debug|x86.ActiveCfg = Debug|Win32
		{FB52CF1D-7965-4B94-A946-C9FE4733FF36}.Debug|x86.Build.0 = Debug|Win32
		{FB52CF1D-7965-4B94-A946-C9FE4733FF36}.Release|x64.ActiveCfg = Release|x64
		{FB52CF1D-7965-4B94-A946-C9FE4733FF36}.Release|x64.Build.0 = Release|x64
		{FB52CF1D-7965-4B94-A946-C9FE4733FF36}.Release|x86.ActiveCfg = Release|Win32
		{FB52CF1D-7965-4B94-A946-C9FE4733FF36}.Release|x86.Build.0 = Release|Win32
		{19D36B9F-2832-43D5-BF36-9854711FF756}.Debug|x64.ActiveCfg = Debug|x64
		{19D36B9F-2832-43D5-BF36-9854711FF756}.Debug|x64.Build.0 = Debug|x64
		{19D36B9F-2832-43D5-BF36-9854711FF756}.Debug|x86.ActiveCfg = Debug|Win32
		{19D36B9F-2832-43D5-BF36-9854711FF756}.Debug|x86.Build.0 = Debug|Win32
		{19D36B9F-2832-43D5-BF36-9854711FF756}.Release|x64.ActiveCfg = Release|x64
		{19D36B9F-2832-43D5-BF36-9854711FF756}.Release|x64.Build.0 = Release|x64
		{19D36B9F-2832-43D5-BF36-9854711FF756}.Release|x86.ActiveCfg = Release|Win32
		{19D36B9F-2832-43D5-BF36-9854711FF756}.Release|x86.Build.0 = Release|Win32
		{79AEB320-F7F7-4096-9EE6-6E22394E1B15}.Debug|x64.ActiveCfg = Debug|x64
		{79AEB320-F7F7-4096-9EE6-6E22394E1B15}.Debug|x64.Build.0 = Debug|x64
		{79AEB320-F7F7-4096-9EE6-6E22394E1B15}.Debug|x86.ActiveCfg = Debug|Win32
		{79AEB320-F7F7-4096-9EE6-6E22394E1B15}.Debug|x86.Build.0 = Debug|Win32
		{79AEB320-F7F7-4096-9EE6-6E22394E1B15}.Release|x64.ActiveCfg = Release|x64
		{79AEB320-F7F7-4096-9EE6-6E22394E1B15}.Release|x64.Build.0 = Release|x64
		{79AEB320-F7F7-4096-9EE6-6E22394E1B15}.Release|x86.ActiveCfg = Release|Win32
		{79AEB320-F7F7-4096-9EE6-6E22394E1B15}.Release|x86.Build.0 = Release|Win32
		{09D91A17-653A-47EF-8108-45D4AB9804A5}.Debug|x64.ActiveCfg = Debug|x64
		{09D91A17-653A-47EF-8108-45D4AB9804A5}.Debug|x64.Build.0 = Debug|x64
		{09D91A17-653A-47EF-8108-45D4AB9804A5}.Debug|x86.ActiveCfg = Debug|Win32
		{09D91A17-653A-47EF-8108-45D4AB9804A5}.Debug|x86.Build.0 = Debug|Win32
		{09D91A17-653A-47EF-8108-45D4AB9804A5}.Release|x64.ActiveCfg = Release|x64
		{09D91A17-653A-47EF-8108-45D4AB9804A5}.Release|x64.Build.0 = Release|x64
		{09D91A17-653A-47EF-8108-45D4AB9804A5}.Release|x86.ActiveCfg = Release|Win32
		{09D91A17-653A-47EF-8108-45D4AB9804A5}.Release|x86.Build.0 = Release|Win32
		{EAA74821-1D9C-4B3A-ADF8-C35362A28A04}.Debug|x64.ActiveCfg = Debug|x64
		{EAA74821-1D9C-4B3A-ADF8-C35362A28A04}.Debug|x64.Build.0 = Debug|x64
		{EAA74821-1D9C-4B3A-ADF8-C35362A28A04}.Debug|x86.ActiveCfg = Debug|Win32
		{EAA74821-1D9C-4B3A-ADF8-C35362A28A04}.Debug|x86.Build.0 = Debug|Win32
		{EAA74821-1D9C-4B3A-ADF8-C35362A28A04}.Release|x64.ActiveCfg = Release|x64
		{EAA74821-1D9C-4B3A-ADF8-C35362A28A04}.Release|x64.Build.0 = Release|x64
		{EAA74821-1D9C-4B3A-ADF8-C35362A28A04}.Release|x86.ActiveCfg = Release|Win32
		{EAA74821-1D9C-4B3A-ADF8-C35362A28A04}.Release|x86.Build.0 = Release|Win32
		{71E142CA-2A04-409E-8483-8E0B823C4E3C}.Debug|x64.ActiveCfg = Debug|x64
		{71E142CA-2A04-409E-8483-8E0B823C4E3C}.Debug|x64.Build.0 = Debug|x64
		{71E142CA-2A04-409E-8483-8E0B823C4E3C}.Debug|x86.ActiveCfg = Debug|Win32
		{71E142CA-2A04-409E-8483-8E0B823C4E3C}.Debug|x86.Build.0 = Debug|Win32
		{71E142CA-2A04-409E-8483-8E0B823C4E3C}.Release|x64.ActiveCfg = Release|x64
		{71E142CA-2A04-409E-8483-8E0B823C4E3C}.Release|x64.Build.0 = Release|x64
		{71E142CA-2A04-409E-8483-8E0B823C4E3C}.Release|x86.ActiveCfg = Release|Win32
		{71E142CA-2A04-409E-8483-8E0B823C4E3C}.Release|x86.Build.0 = Release|Win32
		{5504AD6D-C1C2-4682-94AB-75C1FB5959FB}.Debug|x64.ActiveCfg = Debug|x64
		{5504AD6D-C1C2-4682-94AB-75C1FB5959FB}.Debug|x64.Build.0 = Debug|x64
		{5504AD6D-C1C2-4682-94AB-75C1FB5959FB}.Debug|x86.ActiveCfg = Debug|Win32
		{5504AD6D-C1C2-4682-94AB-75C1FB5959FB}.Debug|x86.Build.0 = Debug|Win32
		{5504AD6D-C1C2-4682-94AB-75C1FB5959FB}.Release|x64.ActiveCfg = Release|x64
		{5504AD6D-C1C2-4682-94AB-75C1FB5959FB}.Release|x64.Build.0 = Release|x64
		{5504AD6D-C1C2-4682-94AB-75C1FB5959FB}.Release|x86.ActiveCfg = Release|Win32
		{5504AD6D-C1C2-4682-94AB-75C1FB5959FB}.Release|x86.Build.0 = Release|Win32
		{079F8459-5E9F-4BBC-812F-9353372D5001}.Debug|x64.ActiveCfg = Debug|x64
		{079F8459-5E9F-4BBC-812F-9353372D5001}.Debug|x64.Build.0 = Debug|x64
		{079F8459-5E9F-4BBC-812F-9353372D5001}.Debug|x86.ActiveCfg = Debug|Win32
		{079F8459-5E9F-4BBC-812F-9353372D5001}.Debug|x86.Build.0 = Debug|Win32
		{079F8459-5E9F-4BBC-812F-9353372D5001}.Release|x64.ActiveCfg = Release|x64
		{079F8459-5E9F-4BBC-812F-9353372D5001}.Release|x64.Build.0 = Release|x64
		{079F8459-5E9F-4BBC-812F-9353372D5001}.Release|x86.ActiveCfg = Release|Win32
		{079F8459-5E9F-4BBC-812F-9353372D5001}.Release|x86.Build.0 = Release|Win32
		{67173572-8D45-42B0-A651-13CE976BA429}.Debug|x64.ActiveCfg = Debug|x64
		{67173572-8D45-42B0-A651-13CE976BA429}.Debug|x64.Build.0 = Debug|x64
		{67173572-8D45-42B0-A651-13CE976BA429}.Debug|x86.ActiveCfg = Debug|Win32
		{67173572-8D45-42B0-A651-13CE976BA429}.Debug|x86.Build.0 = Debug|Win32
		{67173572-8D45-42B0-A651-13CE976BA429}.Release|x64.ActiveCfg = Release|x64
		{67173572-8D45-42B0-A651-13CE976BA429}.Release|x64.Build.0 = Release|x64
		{67173572-8D45-42B0-A651-13CE976BA429}.Release|x86.ActiveCfg = Release|Win32
		{67173572-8D45-42B0-A651-13CE976BA429}.Release|x86.Build.0 = Release|Win32
		{9DBB76D4-49A1-4E1B-BB16-F960D279025F}.Debug|x64.ActiveCfg = Debug|x64
		{9DBB76D4-49A1-4E1B-BB16-F960D279025F}.Debug|x64.Build.0 = Debug|x64
		{9DBB76D4-49A1-4E1B-BB16-F960D279025F}.Debug|x86.ActiveCfg = Debug|Win32
		{9DBB76D4-49A1-4E1B-BB16-F960D279025F}.Debug|x86.Build.0 = Debug|Win32
		{9DBB76D4-49A1-4E1B-BB16-F960D279025F}.Release|x64.ActiveCfg = Release|x64
		{9DBB76D4-49A1-4E1B-BB16-F960D279025F}.Release|x64.Build.0 = Release|x64
		{9DBB76D4-49A1-4E1B-BB16-F960D279025F}.Release|x86.ActiveCfg = Release|Win32
		{9DBB76D4-49A1-4E1B-BB16-F960D279025F}.Release|x86.Build.0 = Release|Win32
		{1279B83B-15D7-44EA-BAF1-53AAA06781C2}.Debug|x64.ActiveCfg = Debug|x64
		{1279B83B-15D7-44EA-BAF1-53AAA06781C2}.Debug|x64.Build.0 = Debug|x64
		{1279B83B-15D7-44EA-BAF1-53AAA06781C2}.Debug|x86.ActiveCfg = Debug|Win32
		{1279B83B-15D7-44EA-BAF1-53AAA06781C2}.Debug|x86.Build.0 = Debug|Win32
		{1279B83B-15D7-44EA-BAF1-53AAA06781C2}.Release|x64.ActiveCfg = Release|x64
		{1279B83B-15D7-44EA-BAF1-53AAA06781C2}.Release|x64.Build.0 = Release|x64
		{1279B83B-15D7-44EA-BAF1-53AAA06781C2}.Release|x86.ActiveCfg = Release|Win32
		{1279B83B-15D7-44EA-BAF1-53AAA06781C2}.Release|x86.Build.0 = Release|Win32
		{51C3FE49-4D85-4D28-96ED-F96F8610E41D}.Debug|x64.ActiveCfg = Debug|x64
		{51C3FE49-4D85-4D28-96ED-F96F8610E41D}.Debug|x64.Build.0 = Debug|x64
		{51C3FE49-4D85-4D28-96ED-F96F8610E41D}.Debug|x86.ActiveCfg = Debug|Win32
		{51C3FE49-4D85-4D28-96ED-F96F8610E41D}.Debug|x86.Build.0 = Debug|Win32
		{51C3FE49-4D85-4D28-96ED-F96F8610E41D}.Release|x64.ActiveCfg = Release|x64
		{51C3FE49-4D85-4D28-96ED-F96F8610E41D}.Release|x64.Build.0 = Release|x64
		{51C3FE49-4D85-4D28-96ED-F96F8610E41D}.Release|x86.ActiveCfg = Release|Win32
		{51C3FE49-4D85-4D28-96ED-F96F8610E41D}.Release|x86.Build.0 = Release|Win32
		{4EF9C891-1B33-4AB7-8AB5-2D04B2C19FD9}.Debug|x64.ActiveCfg = Debug|x64
		{4EF9C891-1B33-4AB7-8AB5-2D04B2C19FD9}.Debug|x64.Build.0 = Debug|x64
		{4EF9C891-1B33-4AB7-8AB5-2D04B2C19FD9}.Debug|x86.ActiveCfg = Debug|Win32
		{4EF9C891-1B33-4AB7-8AB5-2D04B2C19FD9}.Debug|x86.Build.0 = Debug|Win32
		{4EF9C891-1B33-4AB7-8AB5-2D04B2C19FD9}.Release|x64.ActiveCfg = Release|x64
		{4EF9C891-1B33-4AB7-8AB5-2D04B2C19FD9}.Release|x64.Build.0 = Release|x64
		{4EF9C891-1B33-4AB7-8AB5-2D04B2C19FD9}.Release|x86.ActiveCfg = Release|Win32
		{4EF9C891-1B33-4AB7-8AB5-2D04B2C19FD9}.Release|x86.Build.0 = Release|Win32
		{AD18D2B4-4304-427B-A119-9D95B97664F9}.Debug|x64.ActiveCfg = Debug|x64
		{AD18D2B4-4304-427B-A119-9D95B97664F9}.Debug|x64.Build.0 = Debug|x64
		{AD18D2B4-4304-427B-A119-9D95B97664F9}.Debug|x86.ActiveCfg = Debug|Win32
		{AD18D2B4-4304-427B-A119-9D95B97664F9}.Debug|x86.Build.0 = Debug|Win32
		{AD18D2B4-4304-427B-A119-9D95B97664F9}.Release|x64.ActiveCfg = Release|x64
		{AD18D2B4-4304-427B-A119-9D95B97664F9}.Release|x64.Build.0 = Release|x64
		{AD18D2B4-4304-427B-A119-9D95B97664F9}.Release|x86.ActiveCfg = Release|Win32
		{AD18D2B4-4304-427B-A119-9D95B97664F9}.Release|x86.Build.0 = Release|Win32
		{C7B04D9E-FB14-46E4-B3F0-EF324262C58B}.Debug|x64.ActiveCfg = Debug|x64
		{C7B04D9E-FB14-46E4-B3F0-EF324262C58B}.Debug|x64.Build.0 = Debug|x64
		{C7B04D9E-FB14-46E4-B3F0-EF324262C58B}.Debug|x86.ActiveCfg = Debug|Win32
		{C7B04D9E-FB14-46E4-B3F0-EF324262C58B}.Debug|x86.Build.0 = Debug|Win32
		{C7B04D9E-FB14-46E4-B3F0-EF324262C58B}.Release|x64.ActiveCfg = Release|x64
		{C7B04D9E-FB14-46E4-B3F0-EF324262C58B}.Release|x64.Build.0 = Release|x64
		{C7B04D9E-FB14-46E4-B3F0-EF324262C58B}.Release|x86.ActiveCfg = Release|Win32
		{C7B04D9E-FB14-46E4-B3F0-EF324262C58B}.Release|x86.Build.0 = Release|Win32
		{8CB54276-270F-4CED-AD17-41AC34C36AF1}.Debug|x64.ActiveCfg = Debug|x64
		{8CB54276-270F-4CED-AD17-41AC34C36AF1}.Debug|x64.Build.0 = Debug|x64
		{8CB54276-270F-4CED-AD17-41AC34C36AF1}.Debug|x86.ActiveCfg = Debug|Win32
		{8CB54276-270F-4CED-AD17-41AC34C36AF1}.Debug|x86.Build.0 = Debug|Win32
		{8CB54276-270F-4CED-AD17-41AC34C36AF1}.Release|x64.ActiveCfg = Release|x64
		{8CB54276-270F-4CED-AD17-41AC34C36AF1}.Release|x64.Build.0 = Release|x64
		{8CB54276-270F-4CED-AD17-41AC34C36AF1}.Release|x86.ActiveCfg = Release|Win32
		{8CB54276-270F-4CED-AD17-41AC34C36AF1}.Release|x86.Build.0 = Release|Win32
		{45CADD71-388D-4FBF-8925-8CA811C4E6EE}.Debug|x64.ActiveCfg = Debug|x64
		{45CADD71-388D-4FBF-8925-8CA811C4E6EE}.Debug|x64.Build.0 = Debug|x64
		{45CADD71-388D-4FBF-8925-8CA811C4E6EE}.Debug|x86.ActiveCfg = Debug|Win32
		{45CADD71-388D-4FBF-8925-8CA811C4E6EE}.Debug|x86.Build.0 = Debug|Win32
		{45CADD71-388D-4FBF-8925-8CA811C4E6EE}.Release|x64.ActiveCfg = Release|x64
		{45CADD71-388D-4FBF-8925-8CA811C4E6EE}.Release|x64.Build.0 = Release|x64
		{45CADD71-388D-4FBF-8925-8CA811C4E6EE}.Release|x86.ActiveCfg = Release|Win32
		{45CADD71-388D-4FBF-8925-8CA811C4E6EE}.Release|x86.Build.0 = Release|Win32
		{464AC37B-B87F-4879-B545-BF35C7D5FEA5}.Debug|x64.ActiveCfg = Debug|x64
		{464AC37B-B87F-4879-B545-BF35C7D5FEA5}.Debug|x64.Build.0 = Debug|x64
		{464AC37B-B87F-4879-B545-BF35C7D5FEA5}.Debug|x86.ActiveCfg = Debug|Win32
		{464AC37B-B87F-4879-B545-BF35C7D5FEA5}.Debug|x86.Build.0 = Debug|Win32
		{464AC37B-B87F-4879-B545-BF35C7D5FEA5}.Release|x64.ActiveCfg = Release|x64
		{464AC37B-B87F-4879-B545-BF35C7D5FEA5}.Release|x64.Build.0 = Release|x64
		{464AC37B-B87F-4879-B545-BF35C7D5FEA5}.Release|x86.ActiveCfg = Release|Win32
		{464AC37B-B87F-4879-B545-BF35C7D5FEA5}.Release|x86.Build.0 = Release|Win32
		{6DCCE3EF-9760-4017-B096-D25094C9E5C9}.Debug|x64.ActiveCfg = Debug|x64
		{6DCCE3EF-9760-4017-B096-D25094C9E5C9}.Debug|x64.Build.0 = Debug|x64
		{6DCCE3EF-9760-4017-B096-D25094C9E5C9}.Debug|x86.ActiveCfg = Debug|Win32
		{6DCCE3EF-9760-4017-B096-D25094C9E5C9}.Debug|x86.Build.0 = Debug|Win32
		{6DCCE3EF-9760-4017-B096-D25094C9E5C9}.Release|x64.ActiveCfg = Release|x64
		{6DCCE3EF-9760-4017-B096-D25094C9E5C9}.Release|x64.Build.0 = Release|x64
		{6DCCE3EF-9760-4017-B096-D25094C9E5C9}.Release|x86.ActiveCfg = Release|Win32
		{6DCCE3EF-9760-4017-B096-D25094C9E5C9}.Release|x86.Build.0 = Release|Win32
		{ED28C60B-B7F5-43C2-A218-29BD788E1CD9}.Debug|x64.ActiveCfg = Debug|x64
		{ED28C60B-B7F5-43C2-A218-29BD788E1CD9}.Debug|x64.Build.0 = Debug|x64
		{ED28C60B-B7F5-43C2-A218-29BD788E1CD9}.Debug|x86.ActiveCfg = Debug|Win32
		{ED28C60B-B7F5-43C2-A218-29BD788E1CD9}.Debug|x86.Build.0 = Debug|Win32
		{ED28C60B-B7F5-43C2-A218-29BD788E1CD9}.Release|x64.ActiveCfg = Release|x64
		{ED28C60B-B7F5-43C2-A218-29BD788E1CD9}.Release|x64.Build.0 = Release|x64
		{ED28C60B-B7F5-43C2-A218-29BD788E1CD9}.Release|x86.ActiveCfg = Release|Win32
		{ED28C60B-B7F5-43C2-A218-29BD788E1CD9}.Release|x86.Build.0 = Release|Win32
		{A47AB6B1-C6A1-4832-9C6F-D3B20EFE2DA3}.Debug|x64.ActiveCfg = Debug|x64
		{A47AB6B1-C6A1-4832-9C6F-D3B20EFE2DA3}.Debug|x64.Build.0 = Debug|x64
		{A47AB6B1-C6A1-4832-9C6F-D3B20EFE2DA3}.Debug|x86.ActiveCfg = Debug|Win32
		{A47AB6B1-C6A1-4832-9C6F-D3B20EFE2DA3}.Debug|x86.Build.0 = Debug|Win32
		{A47AB6B1-C6A1-4832-9C6F-D3B20EFE2DA3}.Release|x64.ActiveCfg = Release|x64
		{A47AB6B1-C6A1-4832-9C6F-D3B20EFE2DA3}.Release|x64.Build.0 = Release|x64
		{A47AB6B1-C6A1-4832-9C6F-D3B20EFE2DA3}.Release|x86.ActiveCfg = Release|Win32
		{A47AB6B1-C6A1-4832-9C6F-D3B20EFE2DA3}.Release|x86.Build.0 = Release|Win32
	EndGlobalSection
	GlobalSection(SolutionProperties) = preSolution
		HideSolutionNode = FALSE
	EndGlobalSection
	GlobalSection(NestedProjects) = preSolution
		{713E05F8-3ED4-4A4B-BC17-57F6647DD973} = {9DAACE94-D325-4FDA-9BDE-C03981AB6069}
		{CE006557-797A-4384-ADBC-918D3859D8E8} = {9DAACE94-D325-4FDA-9BDE-C03981AB6069}
		{23B565AC-B969-4742-A0B6-97BED970DFF2} = {4189146E-FDAB-4E5E-ABD5-0EABCE30AF4A}
		{AF388A58-E697-4D5F-B96E-B4E2A92B9CF0} = {4189146E-FDAB-4E5E-ABD5-0EABCE30AF4A}
		{4189146E-FDAB-4E5E-ABD5-0EABCE30AF4A} = {E63F49C6-CD01-4D57-ADAE-0825F2EDA137}
		{138A12ED-F8CC-42F3-A4BD-28F7BBA3E007} = {E63F49C6-CD01-4D57-ADAE-0825F2EDA137}
		{E329357C-3332-4036-AC2D-5A428842DFAD} = {138A12ED-F8CC-42F3-A4BD-28F7BBA3E007}
		{2CA2B247-FB2F-43E1-8C14-9A23D63C4F54} = {138A12ED-F8CC-42F3-A4BD-28F7BBA3E007}
		{DCB183F0-5B24-4AFE-AA04-338D57A47A49} = {9DAACE94-D325-4FDA-9BDE-C03981AB6069}
		{6BEFF0D2-9921-4B73-97B4-DEAA51103CE9} = {CE006557-797A-4384-ADBC-918D3859D8E8}
		{CF84A3B2-803F-4942-BF04-D75F45308581} = {CE006557-797A-4384-ADBC-918D3859D8E8}
		{54D11935-2842-4CFA-B45A-BC7AAE90BB3A} = {CE006557-797A-4384-ADBC-918D3859D8E8}
		{0018C08C-9ACE-4C82-BAE4-37F473966FB7} = {A073E582-5C9B-4F19-824F-C4D8AE7EE0CE}
		{92F26D75-6BEC-480C-BFF4-C8088D0BDBB6} = {0018C08C-9ACE-4C82-BAE4-37F473966FB7}
		{88D518E8-8A59-4EC9-A728-DB4BFB8E1D3E} = {CE006557-797A-4384-ADBC-918D3859D8E8}
		{A2154FCF-6C65-4157-9581-E81C95A4A935} = {713E05F8-3ED4-4A4B-BC17-57F6647DD973}
		{22BBAF03-A564-4F30-9ED6-66BA933B7F1B} = {713E05F8-3ED4-4A4B-BC17-57F6647DD973}
		{181B6D02-1046-4049-9202-36FB2F51B221} = {713E05F8-3ED4-4A4B-BC17-57F6647DD973}
		{5FAA319E-9FC4-431A-BA40-9E82387F7BAA} = {181B6D02-1046-4049-9202-36FB2F51B221}
		{DEDFF831-825A-41C6-B721-9001E85FC184} = {181B6D02-1046-4049-9202-36FB2F51B221}
		{8E9828BB-A416-418F-B1AF-12E5797165E7} = {181B6D02-1046-4049-9202-36FB2F51B221}
		{4E53872F-FADB-49A9-A447-A0C4139CA010} = {22BBAF03-A564-4F30-9ED6-66BA933B7F1B}
		{4E3CDC28-7961-4949-87B4-0981F6BB9D80} = {22BBAF03-A564-4F30-9ED6-66BA933B7F1B}
		{506C7703-3AF6-461D-BDA0-1CDE7FE6091B} = {22BBAF03-A564-4F30-9ED6-66BA933B7F1B}
		{A7DE1099-31FE-4927-969E-A5F04723F841} = {506C7703-3AF6-461D-BDA0-1CDE7FE6091B}
		{D0718482-ECC6-470D-8E9E-C8A684EE8D57} = {506C7703-3AF6-461D-BDA0-1CDE7FE6091B}
		{C0AB2B6E-3818-4BCB-8DC2-0419276D3C50} = {A2154FCF-6C65-4157-9581-E81C95A4A935}
		{AAB389E8-2623-456B-8162-C078E3F4AC37} = {A073E582-5C9B-4F19-824F-C4D8AE7EE0CE}
		{FF18EDC8-C3F3-4228-B55B-3C4757AE616E} = {69E34DA7-398D-4970-90CD-195704B0F153}
		{68056E85-7F5C-465C-9F97-5BCE9593B0AC} = {FF18EDC8-C3F3-4228-B55B-3C4757AE616E}
		{7D18E6CE-CFF4-4C2C-BE8C-AB435E361CD6} = {69E34DA7-398D-4970-90CD-195704B0F153}
		{5038B41F-50E1-4EEF-B2A6-732260EABAA4} = {69E34DA7-398D-4970-90CD-195704B0F153}
		{FB52CF1D-7965-4B94-A946-C9FE4733FF36} = {5038B41F-50E1-4EEF-B2A6-732260EABAA4}
		{19D36B9F-2832-43D5-BF36-9854711FF756} = {FF18EDC8-C3F3-4228-B55B-3C4757AE616E}
		{79AEB320-F7F7-4096-9EE6-6E22394E1B15} = {7D18E6CE-CFF4-4C2C-BE8C-AB435E361CD6}
		{32179E3C-0E01-4E0E-A059-97C88AB61ED5} = {69E34DA7-398D-4970-90CD-195704B0F153}
		{09D91A17-653A-47EF-8108-45D4AB9804A5} = {32179E3C-0E01-4E0E-A059-97C88AB61ED5}
		{EAA74821-1D9C-4B3A-ADF8-C35362A28A04} = {CE006557-797A-4384-ADBC-918D3859D8E8}
		{71E142CA-2A04-409E-8483-8E0B823C4E3C} = {CE006557-797A-4384-ADBC-918D3859D8E8}
		{5504AD6D-C1C2-4682-94AB-75C1FB5959FB} = {CE006557-797A-4384-ADBC-918D3859D8E8}
		{079F8459-5E9F-4BBC-812F-9353372D5001} = {CE006557-797A-4384-ADBC-918D3859D8E8}
		{67173572-8D45-42B0-A651-13CE976BA429} = {69E34DA7-398D-4970-90CD-195704B0F153}
		{09D31810-F930-42D5-A120-1CA829984795} = {9DAACE94-D325-4FDA-9BDE-C03981AB6069}
		{9DBB76D4-49A1-4E1B-BB16-F960D279025F} = {09D31810-F930-42D5-A120-1CA829984795}
		{1279B83B-15D7-44EA-BAF1-53AAA06781C2} = {CE006557-797A-4384-ADBC-918D3859D8E8}
		{51C3FE49-4D85-4D28-96ED-F96F8610E41D} = {CE006557-797A-4384-ADBC-918D3859D8E8}
		{4EF9C891-1B33-4AB7-8AB5-2D04B2C19FD9} = {CE006557-797A-4384-ADBC-918D3859D8E8}
		{AD18D2B4-4304-427B-A119-9D95B97664F9} = {CE006557-797A-4384-ADBC-918D3859D8E8}
		{C7B04D9E-FB14-46E4-B3F0-EF324262C58B} = {CE006557-797A-4384-ADBC-918D3859D8E8}
		{8CB54276-270F-4CED-AD17-41AC34C36AF1} = {CE006557-797A-4384-ADBC-918D3859D8E8}
		{45CADD71-388D-4FBF-8925-8CA811C4E6EE} = {CE006557-797A-4384-ADBC-918D3859D8E8}
		{464AC37B-B87F-4879-B545-BF35C7D5FEA5} = {CE006557-797A-4384-ADBC-918D3859D8E8}
		{6DCCE3EF-9760-4017-B096-D25094C9E5C9} = {A073E582-5C9B-4F19-824F-C4D8AE7EE0CE}
		{ED28C60B-B7F5-43C2-A218-29BD788E1CD9} = {CE006557-797A-4384-ADBC-918D3859D8E8}
		{BC72F3FA-C2A1-4F1A-845F-51191E443F12} = {9DAACE94-D325-4FDA-9BDE-C03981AB6069}
		{A47AB6B1-C6A1-4832-9C6F-D3B20EFE2DA3} = {BC72F3FA-C2A1-4F1A-845F-51191E443F12}
	EndGlobalSection
	GlobalSection(ExtensibilityGlobals) = postSolution
		SolutionGuid = {35A4BB6D-BCD1-45C6-BBED-254D2768E3D2}
	EndGlobalSection
EndGlobal
